// !$*UTF8*$!
{
	archiveVersion = 1;
	classes = {
	};
	objectVersion = 56;
	objects = {

/* Begin PBXBuildFile section */
		BA0613BA29EEE8B8002CDE53 /* Fonts.swift in Sources */ = {isa = PBXBuildFile; fileRef = BA0613B929EEE8B8002CDE53 /* Fonts.swift */; };
		BA0613BD29EF4545002CDE53 /* Chillax Licence.txt in Resources */ = {isa = PBXBuildFile; fileRef = BA0613BC29EF4545002CDE53 /* Chillax Licence.txt */; };
		BA0613C929EF51C3002CDE53 /* DynamicTypeStack.swift in Sources */ = {isa = PBXBuildFile; fileRef = BA0613C829EF51C3002CDE53 /* DynamicTypeStack.swift */; };
		BA0613CB29F017A9002CDE53 /* ButtonProgressStyle.swift in Sources */ = {isa = PBXBuildFile; fileRef = BA0613CA29F017A9002CDE53 /* ButtonProgressStyle.swift */; };
		BA0B50C329E73B6100B96D53 /* Colors.xcassets in Resources */ = {isa = PBXBuildFile; fileRef = BA0B50C229E73B6100B96D53 /* Colors.xcassets */; };
		BA0FBA3F29EAA843003243F1 /* GroupingDialogChoiceView.swift in Sources */ = {isa = PBXBuildFile; fileRef = BA0FBA3E29EAA843003243F1 /* GroupingDialogChoiceView.swift */; };
		BA11C43629E96B1B0040A4BB /* Flags.xcassets in Resources */ = {isa = PBXBuildFile; fileRef = BA11C43529E96B1B0040A4BB /* Flags.xcassets */; };
		BA11C43829E96B620040A4BB /* Team logos.xcassets in Resources */ = {isa = PBXBuildFile; fileRef = BA11C43729E96B620040A4BB /* Team logos.xcassets */; };
		BA11C43A29E973180040A4BB /* DisplayModeMenuButtonView.swift in Sources */ = {isa = PBXBuildFile; fileRef = BA11C43929E973180040A4BB /* DisplayModeMenuButtonView.swift */; };
		BA11C43C29E983300040A4BB /* GeoSizeTracker.swift in Sources */ = {isa = PBXBuildFile; fileRef = BA11C43B29E983300040A4BB /* GeoSizeTracker.swift */; };
		BA1E066329EB30E80015F4D5 /* DividerView.swift in Sources */ = {isa = PBXBuildFile; fileRef = BA1E066229EB30E80015F4D5 /* DividerView.swift */; };
		BA1E066529EB31640015F4D5 /* PoolLabelView.swift in Sources */ = {isa = PBXBuildFile; fileRef = BA1E066429EB31640015F4D5 /* PoolLabelView.swift */; };
		BA1E066729EB33710015F4D5 /* CardViewModifier.swift in Sources */ = {isa = PBXBuildFile; fileRef = BA1E066629EB33710015F4D5 /* CardViewModifier.swift */; };
		BA208BF029D8660200D1EB9A /* TeamDetailView.swift in Sources */ = {isa = PBXBuildFile; fileRef = BA208BEF29D8660200D1EB9A /* TeamDetailView.swift */; };
		BA349B6729F69E2D00F2B122 /* DatabaseInitializer.swift in Sources */ = {isa = PBXBuildFile; fileRef = BA349B6629F69E2D00F2B122 /* DatabaseInitializer.swift */; };
		BA616E6C29ED7F08003F817B /* Draws.swift in Sources */ = {isa = PBXBuildFile; fileRef = BA616E6B29ED7F08003F817B /* Draws.swift */; };
		BA672D5129EEC4E50024C046 /* CardView.swift in Sources */ = {isa = PBXBuildFile; fileRef = BA672D5029EEC4E50024C046 /* CardView.swift */; };
		BA73B68929E0C63500807496 /* TeamListView.swift in Sources */ = {isa = PBXBuildFile; fileRef = BA73B68829E0C63500807496 /* TeamListView.swift */; };
		BA76EEBA29F1189400F0D4E9 /* RandomNumberProgressStyle.swift in Sources */ = {isa = PBXBuildFile; fileRef = BA76EEB929F1189400F0D4E9 /* RandomNumberProgressStyle.swift */; };
		BA76EEBC29F11F0E00F0D4E9 /* NavigationTheme.swift in Sources */ = {isa = PBXBuildFile; fileRef = BA76EEBB29F11F0E00F0D4E9 /* NavigationTheme.swift */; };
		BA76EEBE29F13D6100F0D4E9 /* GroupingDialogButtonView.swift in Sources */ = {isa = PBXBuildFile; fileRef = BA76EEBD29F13D6100F0D4E9 /* GroupingDialogButtonView.swift */; };
		BA85376B29F4364400D1CF55 /* TeamPool+CoreDataClass.swift in Sources */ = {isa = PBXBuildFile; fileRef = BA85376329F4364400D1CF55 /* TeamPool+CoreDataClass.swift */; };
		BA85376C29F4364400D1CF55 /* TeamPool+CoreDataProperties.swift in Sources */ = {isa = PBXBuildFile; fileRef = BA85376429F4364400D1CF55 /* TeamPool+CoreDataProperties.swift */; };
		BA85376D29F4364400D1CF55 /* Team+CoreDataClass.swift in Sources */ = {isa = PBXBuildFile; fileRef = BA85376529F4364400D1CF55 /* Team+CoreDataClass.swift */; };
		BA85376E29F4364400D1CF55 /* Team+CoreDataProperties.swift in Sources */ = {isa = PBXBuildFile; fileRef = BA85376629F4364400D1CF55 /* Team+CoreDataProperties.swift */; };
		BA85376F29F4364400D1CF55 /* Country+CoreDataClass.swift in Sources */ = {isa = PBXBuildFile; fileRef = BA85376729F4364400D1CF55 /* Country+CoreDataClass.swift */; };
		BA85377029F4364400D1CF55 /* Country+CoreDataProperties.swift in Sources */ = {isa = PBXBuildFile; fileRef = BA85376829F4364400D1CF55 /* Country+CoreDataProperties.swift */; };
		BA85377129F4364400D1CF55 /* Season+CoreDataClass.swift in Sources */ = {isa = PBXBuildFile; fileRef = BA85376929F4364400D1CF55 /* Season+CoreDataClass.swift */; };
		BA85377229F4364400D1CF55 /* Season+CoreDataProperties.swift in Sources */ = {isa = PBXBuildFile; fileRef = BA85376A29F4364400D1CF55 /* Season+CoreDataProperties.swift */; };
		BA96F37129E824AC00E365FB /* Chillax.ttf in Resources */ = {isa = PBXBuildFile; fileRef = BA96F37029E824AC00E365FB /* Chillax.ttf */; };
		BA9979F12963B42C00AF04B8 /* DrawSimulatorApp.swift in Sources */ = {isa = PBXBuildFile; fileRef = BA9979F02963B42C00AF04B8 /* DrawSimulatorApp.swift */; };
		BA9979F32963B42C00AF04B8 /* ContentView.swift in Sources */ = {isa = PBXBuildFile; fileRef = BA9979F22963B42C00AF04B8 /* ContentView.swift */; };
		BA9979F52963B42D00AF04B8 /* Assets.xcassets in Resources */ = {isa = PBXBuildFile; fileRef = BA9979F42963B42D00AF04B8 /* Assets.xcassets */; };
		BA9979F82963B42D00AF04B8 /* Preview Assets.xcassets in Resources */ = {isa = PBXBuildFile; fileRef = BA9979F72963B42D00AF04B8 /* Preview Assets.xcassets */; };
		BACA167429DC6B3100E5C9CA /* TeamGroupTitleView.swift in Sources */ = {isa = PBXBuildFile; fileRef = BACA167329DC6B3100E5C9CA /* TeamGroupTitleView.swift */; };
		BACAC34129C9D51A003B8782 /* Bundle-Decodable.swift in Sources */ = {isa = PBXBuildFile; fileRef = BACAC34029C9D51A003B8782 /* Bundle-Decodable.swift */; };
		BACC352929EAE23200E22E6A /* FlagLabelView.swift in Sources */ = {isa = PBXBuildFile; fileRef = BACC352829EAE23200E22E6A /* FlagLabelView.swift */; };
		BAD1D9CF29DCCE32005D1887 /* CustomColorSet.swift in Sources */ = {isa = PBXBuildFile; fileRef = BAD1D9CE29DCCE32005D1887 /* CustomColorSet.swift */; };
		BAD386E929F3B91800369C7D /* DrawSimulator.xcdatamodeld in Sources */ = {isa = PBXBuildFile; fileRef = BAD386E729F3B91800369C7D /* DrawSimulator.xcdatamodeld */; };
		BAD386EB29F3B99800369C7D /* CoreDataController.swift in Sources */ = {isa = PBXBuildFile; fileRef = BAD386EA29F3B99800369C7D /* CoreDataController.swift */; };
		BAE3BCB629EBDB2300C32416 /* TeamLabelView.swift in Sources */ = {isa = PBXBuildFile; fileRef = BAE3BCB529EBDB2300C32416 /* TeamLabelView.swift */; };
		BAE5C29729D466370094A6D8 /* UserSettings.swift in Sources */ = {isa = PBXBuildFile; fileRef = BAE5C29629D466370094A6D8 /* UserSettings.swift */; };
		BAE5C29929D46C7B0094A6D8 /* FileManager-DocumentsDirectory.swift in Sources */ = {isa = PBXBuildFile; fileRef = BAE5C29829D46C7B0094A6D8 /* FileManager-DocumentsDirectory.swift */; };
		BAF749FF29F084E900430C23 /* Overpass Licence.txt in Resources */ = {isa = PBXBuildFile; fileRef = BAF749FD29F084E900430C23 /* Overpass Licence.txt */; };
		BAF74A0029F084E900430C23 /* Overpass.ttf in Resources */ = {isa = PBXBuildFile; fileRef = BAF749FE29F084E900430C23 /* Overpass.ttf */; };
/* End PBXBuildFile section */

/* Begin PBXFileReference section */
		BA016390297ADB830030264F /* Info.plist */ = {isa = PBXFileReference; lastKnownFileType = text.plist; path = Info.plist; sourceTree = "<group>"; };
		BA0613B929EEE8B8002CDE53 /* Fonts.swift */ = {isa = PBXFileReference; lastKnownFileType = sourcecode.swift; path = Fonts.swift; sourceTree = "<group>"; };
		BA0613BC29EF4545002CDE53 /* Chillax Licence.txt */ = {isa = PBXFileReference; fileEncoding = 4; lastKnownFileType = text; path = "Chillax Licence.txt"; sourceTree = "<group>"; };
		BA0613C829EF51C3002CDE53 /* DynamicTypeStack.swift */ = {isa = PBXFileReference; lastKnownFileType = sourcecode.swift; path = DynamicTypeStack.swift; sourceTree = "<group>"; };
		BA0613CA29F017A9002CDE53 /* ButtonProgressStyle.swift */ = {isa = PBXFileReference; lastKnownFileType = sourcecode.swift; path = ButtonProgressStyle.swift; sourceTree = "<group>"; };
		BA0B50C229E73B6100B96D53 /* Colors.xcassets */ = {isa = PBXFileReference; lastKnownFileType = folder.assetcatalog; path = Colors.xcassets; sourceTree = "<group>"; };
		BA0FBA3E29EAA843003243F1 /* GroupingDialogChoiceView.swift */ = {isa = PBXFileReference; lastKnownFileType = sourcecode.swift; path = GroupingDialogChoiceView.swift; sourceTree = "<group>"; };
		BA11C43529E96B1B0040A4BB /* Flags.xcassets */ = {isa = PBXFileReference; lastKnownFileType = folder.assetcatalog; path = Flags.xcassets; sourceTree = "<group>"; };
		BA11C43729E96B620040A4BB /* Team logos.xcassets */ = {isa = PBXFileReference; lastKnownFileType = folder.assetcatalog; path = "Team logos.xcassets"; sourceTree = "<group>"; };
		BA11C43929E973180040A4BB /* DisplayModeMenuButtonView.swift */ = {isa = PBXFileReference; lastKnownFileType = sourcecode.swift; path = DisplayModeMenuButtonView.swift; sourceTree = "<group>"; };
		BA11C43B29E983300040A4BB /* GeoSizeTracker.swift */ = {isa = PBXFileReference; lastKnownFileType = sourcecode.swift; path = GeoSizeTracker.swift; sourceTree = "<group>"; };
		BA1E066229EB30E80015F4D5 /* DividerView.swift */ = {isa = PBXFileReference; lastKnownFileType = sourcecode.swift; path = DividerView.swift; sourceTree = "<group>"; };
		BA1E066429EB31640015F4D5 /* PoolLabelView.swift */ = {isa = PBXFileReference; lastKnownFileType = sourcecode.swift; path = PoolLabelView.swift; sourceTree = "<group>"; };
		BA1E066629EB33710015F4D5 /* CardViewModifier.swift */ = {isa = PBXFileReference; lastKnownFileType = sourcecode.swift; path = CardViewModifier.swift; sourceTree = "<group>"; };
		BA208BEF29D8660200D1EB9A /* TeamDetailView.swift */ = {isa = PBXFileReference; lastKnownFileType = sourcecode.swift; path = TeamDetailView.swift; sourceTree = "<group>"; };
		BA349B6629F69E2D00F2B122 /* DatabaseInitializer.swift */ = {isa = PBXFileReference; lastKnownFileType = sourcecode.swift; path = DatabaseInitializer.swift; sourceTree = "<group>"; };
		BA616E6B29ED7F08003F817B /* Draws.swift */ = {isa = PBXFileReference; lastKnownFileType = sourcecode.swift; path = Draws.swift; sourceTree = "<group>"; };
		BA672D5029EEC4E50024C046 /* CardView.swift */ = {isa = PBXFileReference; lastKnownFileType = sourcecode.swift; path = CardView.swift; sourceTree = "<group>"; };
		BA73B68829E0C63500807496 /* TeamListView.swift */ = {isa = PBXFileReference; lastKnownFileType = sourcecode.swift; path = TeamListView.swift; sourceTree = "<group>"; };
		BA76EEB929F1189400F0D4E9 /* RandomNumberProgressStyle.swift */ = {isa = PBXFileReference; lastKnownFileType = sourcecode.swift; path = RandomNumberProgressStyle.swift; sourceTree = "<group>"; };
		BA76EEBB29F11F0E00F0D4E9 /* NavigationTheme.swift */ = {isa = PBXFileReference; lastKnownFileType = sourcecode.swift; path = NavigationTheme.swift; sourceTree = "<group>"; };
		BA76EEBD29F13D6100F0D4E9 /* GroupingDialogButtonView.swift */ = {isa = PBXFileReference; lastKnownFileType = sourcecode.swift; path = GroupingDialogButtonView.swift; sourceTree = "<group>"; };
		BA85376329F4364400D1CF55 /* TeamPool+CoreDataClass.swift */ = {isa = PBXFileReference; lastKnownFileType = sourcecode.swift; path = "TeamPool+CoreDataClass.swift"; sourceTree = "<group>"; };
		BA85376429F4364400D1CF55 /* TeamPool+CoreDataProperties.swift */ = {isa = PBXFileReference; lastKnownFileType = sourcecode.swift; path = "TeamPool+CoreDataProperties.swift"; sourceTree = "<group>"; };
		BA85376529F4364400D1CF55 /* Team+CoreDataClass.swift */ = {isa = PBXFileReference; lastKnownFileType = sourcecode.swift; path = "Team+CoreDataClass.swift"; sourceTree = "<group>"; };
		BA85376629F4364400D1CF55 /* Team+CoreDataProperties.swift */ = {isa = PBXFileReference; lastKnownFileType = sourcecode.swift; path = "Team+CoreDataProperties.swift"; sourceTree = "<group>"; };
		BA85376729F4364400D1CF55 /* Country+CoreDataClass.swift */ = {isa = PBXFileReference; lastKnownFileType = sourcecode.swift; path = "Country+CoreDataClass.swift"; sourceTree = "<group>"; };
		BA85376829F4364400D1CF55 /* Country+CoreDataProperties.swift */ = {isa = PBXFileReference; lastKnownFileType = sourcecode.swift; path = "Country+CoreDataProperties.swift"; sourceTree = "<group>"; };
		BA85376929F4364400D1CF55 /* Season+CoreDataClass.swift */ = {isa = PBXFileReference; lastKnownFileType = sourcecode.swift; path = "Season+CoreDataClass.swift"; sourceTree = "<group>"; };
		BA85376A29F4364400D1CF55 /* Season+CoreDataProperties.swift */ = {isa = PBXFileReference; lastKnownFileType = sourcecode.swift; path = "Season+CoreDataProperties.swift"; sourceTree = "<group>"; };
		BA96F37029E824AC00E365FB /* Chillax.ttf */ = {isa = PBXFileReference; lastKnownFileType = file; path = Chillax.ttf; sourceTree = "<group>"; };
		BA9979ED2963B42C00AF04B8 /* DrawSimulator.app */ = {isa = PBXFileReference; explicitFileType = wrapper.application; includeInIndex = 0; path = DrawSimulator.app; sourceTree = BUILT_PRODUCTS_DIR; };
		BA9979F02963B42C00AF04B8 /* DrawSimulatorApp.swift */ = {isa = PBXFileReference; lastKnownFileType = sourcecode.swift; path = DrawSimulatorApp.swift; sourceTree = "<group>"; };
		BA9979F22963B42C00AF04B8 /* ContentView.swift */ = {isa = PBXFileReference; lastKnownFileType = sourcecode.swift; path = ContentView.swift; sourceTree = "<group>"; };
		BA9979F42963B42D00AF04B8 /* Assets.xcassets */ = {isa = PBXFileReference; lastKnownFileType = folder.assetcatalog; path = Assets.xcassets; sourceTree = "<group>"; };
		BA9979F72963B42D00AF04B8 /* Preview Assets.xcassets */ = {isa = PBXFileReference; lastKnownFileType = folder.assetcatalog; path = "Preview Assets.xcassets"; sourceTree = "<group>"; };
		BACA167329DC6B3100E5C9CA /* TeamGroupTitleView.swift */ = {isa = PBXFileReference; lastKnownFileType = sourcecode.swift; path = TeamGroupTitleView.swift; sourceTree = "<group>"; };
		BACAC34029C9D51A003B8782 /* Bundle-Decodable.swift */ = {isa = PBXFileReference; lastKnownFileType = sourcecode.swift; path = "Bundle-Decodable.swift"; sourceTree = "<group>"; };
		BACC352829EAE23200E22E6A /* FlagLabelView.swift */ = {isa = PBXFileReference; lastKnownFileType = sourcecode.swift; path = FlagLabelView.swift; sourceTree = "<group>"; };
		BAD1D9CE29DCCE32005D1887 /* CustomColorSet.swift */ = {isa = PBXFileReference; lastKnownFileType = sourcecode.swift; path = CustomColorSet.swift; sourceTree = "<group>"; };
		BAD386E829F3B91800369C7D /* DrawSimulator.xcdatamodel */ = {isa = PBXFileReference; lastKnownFileType = wrapper.xcdatamodel; path = DrawSimulator.xcdatamodel; sourceTree = "<group>"; };
		BAD386EA29F3B99800369C7D /* CoreDataController.swift */ = {isa = PBXFileReference; lastKnownFileType = sourcecode.swift; path = CoreDataController.swift; sourceTree = "<group>"; };
		BAE3BCB529EBDB2300C32416 /* TeamLabelView.swift */ = {isa = PBXFileReference; lastKnownFileType = sourcecode.swift; path = TeamLabelView.swift; sourceTree = "<group>"; };
		BAE5C29629D466370094A6D8 /* UserSettings.swift */ = {isa = PBXFileReference; lastKnownFileType = sourcecode.swift; path = UserSettings.swift; sourceTree = "<group>"; };
		BAE5C29829D46C7B0094A6D8 /* FileManager-DocumentsDirectory.swift */ = {isa = PBXFileReference; lastKnownFileType = sourcecode.swift; path = "FileManager-DocumentsDirectory.swift"; sourceTree = "<group>"; };
		BAF749FD29F084E900430C23 /* Overpass Licence.txt */ = {isa = PBXFileReference; fileEncoding = 4; lastKnownFileType = text; path = "Overpass Licence.txt"; sourceTree = "<group>"; };
		BAF749FE29F084E900430C23 /* Overpass.ttf */ = {isa = PBXFileReference; lastKnownFileType = file; path = Overpass.ttf; sourceTree = "<group>"; };
/* End PBXFileReference section */

/* Begin PBXFrameworksBuildPhase section */
		BA9979EA2963B42C00AF04B8 /* Frameworks */ = {
			isa = PBXFrameworksBuildPhase;
			buildActionMask = 2147483647;
			files = (
			);
			runOnlyForDeploymentPostprocessing = 0;
		};
/* End PBXFrameworksBuildPhase section */

/* Begin PBXGroup section */
		BA0613CD29F03543002CDE53 /* Assets */ = {
			isa = PBXGroup;
			children = (
				BA9979F42963B42D00AF04B8 /* Assets.xcassets */,
				BA11C43529E96B1B0040A4BB /* Flags.xcassets */,
				BA0B50C229E73B6100B96D53 /* Colors.xcassets */,
				BA11C43729E96B620040A4BB /* Team logos.xcassets */,
				BAD1D9CE29DCCE32005D1887 /* CustomColorSet.swift */,
				BA76EEBB29F11F0E00F0D4E9 /* NavigationTheme.swift */,
				BA0613B929EEE8B8002CDE53 /* Fonts.swift */,
				BA96F37029E824AC00E365FB /* Chillax.ttf */,
				BA0613BC29EF4545002CDE53 /* Chillax Licence.txt */,
				BAF749FE29F084E900430C23 /* Overpass.ttf */,
				BAF749FD29F084E900430C23 /* Overpass Licence.txt */,
			);
			path = Assets;
			sourceTree = "<group>";
		};
		BA0613CE29F03565002CDE53 /* Views */ = {
			isa = PBXGroup;
			children = (
				BA9979F22963B42C00AF04B8 /* ContentView.swift */,
				BA0613C829EF51C3002CDE53 /* DynamicTypeStack.swift */,
				BA11C43929E973180040A4BB /* DisplayModeMenuButtonView.swift */,
				BA0FBA3E29EAA843003243F1 /* GroupingDialogChoiceView.swift */,
				BA76EEBD29F13D6100F0D4E9 /* GroupingDialogButtonView.swift */,
				BA1E066229EB30E80015F4D5 /* DividerView.swift */,
				BACC352829EAE23200E22E6A /* FlagLabelView.swift */,
				BA1E066429EB31640015F4D5 /* PoolLabelView.swift */,
				BA672D5029EEC4E50024C046 /* CardView.swift */,
				BA73B68829E0C63500807496 /* TeamListView.swift */,
				BACA167329DC6B3100E5C9CA /* TeamGroupTitleView.swift */,
				BAE3BCB529EBDB2300C32416 /* TeamLabelView.swift */,
				BA208BEF29D8660200D1EB9A /* TeamDetailView.swift */,
			);
			path = Views;
			sourceTree = "<group>";
		};
		BA0613D129F035C4002CDE53 /* ViewUtils */ = {
			isa = PBXGroup;
			children = (
				BA1E066629EB33710015F4D5 /* CardViewModifier.swift */,
				BA0613CA29F017A9002CDE53 /* ButtonProgressStyle.swift */,
				BA76EEB929F1189400F0D4E9 /* RandomNumberProgressStyle.swift */,
			);
			path = ViewUtils;
			sourceTree = "<group>";
		};
		BA9979E42963B42C00AF04B8 = {
			isa = PBXGroup;
			children = (
				BA9979EF2963B42C00AF04B8 /* DrawSimulator */,
				BA9979EE2963B42C00AF04B8 /* Products */,
			);
			sourceTree = "<group>";
		};
		BA9979EE2963B42C00AF04B8 /* Products */ = {
			isa = PBXGroup;
			children = (
				BA9979ED2963B42C00AF04B8 /* DrawSimulator.app */,
			);
			name = Products;
			sourceTree = "<group>";
		};
		BA9979EF2963B42C00AF04B8 /* DrawSimulator */ = {
			isa = PBXGroup;
			children = (
				BA0613CE29F03565002CDE53 /* Views */,
				BA0613D129F035C4002CDE53 /* ViewUtils */,
				BAD386E629F3B8AE00369C7D /* CoreData */,
				BA0613CD29F03543002CDE53 /* Assets */,
				BA016390297ADB830030264F /* Info.plist */,
				BA9979F02963B42C00AF04B8 /* DrawSimulatorApp.swift */,
				BAE5C29629D466370094A6D8 /* UserSettings.swift */,
				BA616E6B29ED7F08003F817B /* Draws.swift */,
				BA11C43B29E983300040A4BB /* GeoSizeTracker.swift */,
				BACAC34029C9D51A003B8782 /* Bundle-Decodable.swift */,
				BAE5C29829D46C7B0094A6D8 /* FileManager-DocumentsDirectory.swift */,
				BA9979F62963B42D00AF04B8 /* Preview Content */,
			);
			path = DrawSimulator;
			sourceTree = "<group>";
		};
		BA9979F62963B42D00AF04B8 /* Preview Content */ = {
			isa = PBXGroup;
			children = (
				BA9979F72963B42D00AF04B8 /* Preview Assets.xcassets */,
			);
			path = "Preview Content";
			sourceTree = "<group>";
		};
		BAD386E629F3B8AE00369C7D /* CoreData */ = {
			isa = PBXGroup;
			children = (
				BAD386E729F3B91800369C7D /* DrawSimulator.xcdatamodeld */,
				BAD386EA29F3B99800369C7D /* CoreDataController.swift */,
				BA349B6629F69E2D00F2B122 /* DatabaseInitializer.swift */,
				BA85376729F4364400D1CF55 /* Country+CoreDataClass.swift */,
				BA85376829F4364400D1CF55 /* Country+CoreDataProperties.swift */,
				BA85376929F4364400D1CF55 /* Season+CoreDataClass.swift */,
				BA85376A29F4364400D1CF55 /* Season+CoreDataProperties.swift */,
				BA85376529F4364400D1CF55 /* Team+CoreDataClass.swift */,
				BA85376629F4364400D1CF55 /* Team+CoreDataProperties.swift */,
				BA85376329F4364400D1CF55 /* TeamPool+CoreDataClass.swift */,
				BA85376429F4364400D1CF55 /* TeamPool+CoreDataProperties.swift */,
			);
			path = CoreData;
			sourceTree = "<group>";
		};
/* End PBXGroup section */

/* Begin PBXNativeTarget section */
		BA9979EC2963B42C00AF04B8 /* DrawSimulator */ = {
			isa = PBXNativeTarget;
			buildConfigurationList = BA9979FB2963B42D00AF04B8 /* Build configuration list for PBXNativeTarget "DrawSimulator" */;
			buildPhases = (
				BA9979E92963B42C00AF04B8 /* Sources */,
				BA9979EA2963B42C00AF04B8 /* Frameworks */,
				BA9979EB2963B42C00AF04B8 /* Resources */,
			);
			buildRules = (
			);
			dependencies = (
			);
			name = DrawSimulator;
			productName = DrawSimulator;
			productReference = BA9979ED2963B42C00AF04B8 /* DrawSimulator.app */;
			productType = "com.apple.product-type.application";
		};
/* End PBXNativeTarget section */

/* Begin PBXProject section */
		BA9979E52963B42C00AF04B8 /* Project object */ = {
			isa = PBXProject;
			attributes = {
				BuildIndependentTargetsInParallel = 1;
				LastSwiftUpdateCheck = 1420;
				LastUpgradeCheck = 1420;
				TargetAttributes = {
					BA9979EC2963B42C00AF04B8 = {
						CreatedOnToolsVersion = 14.2;
					};
				};
			};
			buildConfigurationList = BA9979E82963B42C00AF04B8 /* Build configuration list for PBXProject "DrawSimulator" */;
			compatibilityVersion = "Xcode 14.0";
			developmentRegion = en;
			hasScannedForEncodings = 0;
			knownRegions = (
				en,
				Base,
			);
			mainGroup = BA9979E42963B42C00AF04B8;
			productRefGroup = BA9979EE2963B42C00AF04B8 /* Products */;
			projectDirPath = "";
			projectRoot = "";
			targets = (
				BA9979EC2963B42C00AF04B8 /* DrawSimulator */,
			);
		};
/* End PBXProject section */

/* Begin PBXResourcesBuildPhase section */
		BA9979EB2963B42C00AF04B8 /* Resources */ = {
			isa = PBXResourcesBuildPhase;
			buildActionMask = 2147483647;
			files = (
				BA96F37129E824AC00E365FB /* Chillax.ttf in Resources */,
				BA0B50C329E73B6100B96D53 /* Colors.xcassets in Resources */,
				BA11C43829E96B620040A4BB /* Team logos.xcassets in Resources */,
				BA0613BD29EF4545002CDE53 /* Chillax Licence.txt in Resources */,
				BAF749FF29F084E900430C23 /* Overpass Licence.txt in Resources */,
				BA9979F82963B42D00AF04B8 /* Preview Assets.xcassets in Resources */,
				BAF74A0029F084E900430C23 /* Overpass.ttf in Resources */,
				BA9979F52963B42D00AF04B8 /* Assets.xcassets in Resources */,
				BA11C43629E96B1B0040A4BB /* Flags.xcassets in Resources */,
			);
			runOnlyForDeploymentPostprocessing = 0;
		};
/* End PBXResourcesBuildPhase section */

/* Begin PBXSourcesBuildPhase section */
		BA9979E92963B42C00AF04B8 /* Sources */ = {
			isa = PBXSourcesBuildPhase;
			buildActionMask = 2147483647;
			files = (
				BA616E6C29ED7F08003F817B /* Draws.swift in Sources */,
				BA11C43A29E973180040A4BB /* DisplayModeMenuButtonView.swift in Sources */,
				BAE5C29729D466370094A6D8 /* UserSettings.swift in Sources */,
				BA1E066329EB30E80015F4D5 /* DividerView.swift in Sources */,
				BA85376B29F4364400D1CF55 /* TeamPool+CoreDataClass.swift in Sources */,
				BAE5C29929D46C7B0094A6D8 /* FileManager-DocumentsDirectory.swift in Sources */,
				BA0613BA29EEE8B8002CDE53 /* Fonts.swift in Sources */,
				BA11C43C29E983300040A4BB /* GeoSizeTracker.swift in Sources */,
				BACC352929EAE23200E22E6A /* FlagLabelView.swift in Sources */,
				BA349B6729F69E2D00F2B122 /* DatabaseInitializer.swift in Sources */,
				BA85376E29F4364400D1CF55 /* Team+CoreDataProperties.swift in Sources */,
				BA85377129F4364400D1CF55 /* Season+CoreDataClass.swift in Sources */,
				BAD386E929F3B91800369C7D /* DrawSimulator.xcdatamodeld in Sources */,
				BA1E066729EB33710015F4D5 /* CardViewModifier.swift in Sources */,
				BA85377229F4364400D1CF55 /* Season+CoreDataProperties.swift in Sources */,
				BAD386EB29F3B99800369C7D /* CoreDataController.swift in Sources */,
				BACA167429DC6B3100E5C9CA /* TeamGroupTitleView.swift in Sources */,
				BA85376F29F4364400D1CF55 /* Country+CoreDataClass.swift in Sources */,
				BA76EEBA29F1189400F0D4E9 /* RandomNumberProgressStyle.swift in Sources */,
				BA85376C29F4364400D1CF55 /* TeamPool+CoreDataProperties.swift in Sources */,
				BA85377029F4364400D1CF55 /* Country+CoreDataProperties.swift in Sources */,
				BA208BF029D8660200D1EB9A /* TeamDetailView.swift in Sources */,
				BACAC34129C9D51A003B8782 /* Bundle-Decodable.swift in Sources */,
				BA73B68929E0C63500807496 /* TeamListView.swift in Sources */,
				BA85376D29F4364400D1CF55 /* Team+CoreDataClass.swift in Sources */,
				BA76EEBE29F13D6100F0D4E9 /* GroupingDialogButtonView.swift in Sources */,
				BA0613C929EF51C3002CDE53 /* DynamicTypeStack.swift in Sources */,
				BA0FBA3F29EAA843003243F1 /* GroupingDialogChoiceView.swift in Sources */,
				BAE3BCB629EBDB2300C32416 /* TeamLabelView.swift in Sources */,
				BA9979F32963B42C00AF04B8 /* ContentView.swift in Sources */,
				BA9979F12963B42C00AF04B8 /* DrawSimulatorApp.swift in Sources */,
				BAD1D9CF29DCCE32005D1887 /* CustomColorSet.swift in Sources */,
				BA672D5129EEC4E50024C046 /* CardView.swift in Sources */,
				BA0613CB29F017A9002CDE53 /* ButtonProgressStyle.swift in Sources */,
				BA1E066529EB31640015F4D5 /* PoolLabelView.swift in Sources */,
				BA76EEBC29F11F0E00F0D4E9 /* NavigationTheme.swift in Sources */,
			);
			runOnlyForDeploymentPostprocessing = 0;
		};
/* End PBXSourcesBuildPhase section */

/* Begin XCBuildConfiguration section */
		BA9979F92963B42D00AF04B8 /* Debug */ = {
			isa = XCBuildConfiguration;
			buildSettings = {
				ALWAYS_SEARCH_USER_PATHS = NO;
				CLANG_ANALYZER_NONNULL = YES;
				CLANG_ANALYZER_NUMBER_OBJECT_CONVERSION = YES_AGGRESSIVE;
				CLANG_CXX_LANGUAGE_STANDARD = "gnu++20";
				CLANG_ENABLE_MODULES = YES;
				CLANG_ENABLE_OBJC_ARC = YES;
				CLANG_ENABLE_OBJC_WEAK = YES;
				CLANG_WARN_BLOCK_CAPTURE_AUTORELEASING = YES;
				CLANG_WARN_BOOL_CONVERSION = YES;
				CLANG_WARN_COMMA = YES;
				CLANG_WARN_CONSTANT_CONVERSION = YES;
				CLANG_WARN_DEPRECATED_OBJC_IMPLEMENTATIONS = YES;
				CLANG_WARN_DIRECT_OBJC_ISA_USAGE = YES_ERROR;
				CLANG_WARN_DOCUMENTATION_COMMENTS = YES;
				CLANG_WARN_EMPTY_BODY = YES;
				CLANG_WARN_ENUM_CONVERSION = YES;
				CLANG_WARN_INFINITE_RECURSION = YES;
				CLANG_WARN_INT_CONVERSION = YES;
				CLANG_WARN_NON_LITERAL_NULL_CONVERSION = YES;
				CLANG_WARN_OBJC_IMPLICIT_RETAIN_SELF = YES;
				CLANG_WARN_OBJC_LITERAL_CONVERSION = YES;
				CLANG_WARN_OBJC_ROOT_CLASS = YES_ERROR;
				CLANG_WARN_QUOTED_INCLUDE_IN_FRAMEWORK_HEADER = YES;
				CLANG_WARN_RANGE_LOOP_ANALYSIS = YES;
				CLANG_WARN_STRICT_PROTOTYPES = YES;
				CLANG_WARN_SUSPICIOUS_MOVE = YES;
				CLANG_WARN_UNGUARDED_AVAILABILITY = YES_AGGRESSIVE;
				CLANG_WARN_UNREACHABLE_CODE = YES;
				CLANG_WARN__DUPLICATE_METHOD_MATCH = YES;
				COPY_PHASE_STRIP = NO;
				DEBUG_INFORMATION_FORMAT = dwarf;
				ENABLE_STRICT_OBJC_MSGSEND = YES;
				ENABLE_TESTABILITY = YES;
				GCC_C_LANGUAGE_STANDARD = gnu11;
				GCC_DYNAMIC_NO_PIC = NO;
				GCC_NO_COMMON_BLOCKS = YES;
				GCC_OPTIMIZATION_LEVEL = 0;
				GCC_PREPROCESSOR_DEFINITIONS = (
					"DEBUG=1",
					"$(inherited)",
				);
				GCC_WARN_64_TO_32_BIT_CONVERSION = YES;
				GCC_WARN_ABOUT_RETURN_TYPE = YES_ERROR;
				GCC_WARN_UNDECLARED_SELECTOR = YES;
				GCC_WARN_UNINITIALIZED_AUTOS = YES_AGGRESSIVE;
				GCC_WARN_UNUSED_FUNCTION = YES;
				GCC_WARN_UNUSED_VARIABLE = YES;
				IPHONEOS_DEPLOYMENT_TARGET = 16.2;
				MTL_ENABLE_DEBUG_INFO = INCLUDE_SOURCE;
				MTL_FAST_MATH = YES;
				ONLY_ACTIVE_ARCH = YES;
				SDKROOT = iphoneos;
				SWIFT_ACTIVE_COMPILATION_CONDITIONS = DEBUG;
				SWIFT_OPTIMIZATION_LEVEL = "-Onone";
			};
			name = Debug;
		};
		BA9979FA2963B42D00AF04B8 /* Release */ = {
			isa = XCBuildConfiguration;
			buildSettings = {
				ALWAYS_SEARCH_USER_PATHS = NO;
				CLANG_ANALYZER_NONNULL = YES;
				CLANG_ANALYZER_NUMBER_OBJECT_CONVERSION = YES_AGGRESSIVE;
				CLANG_CXX_LANGUAGE_STANDARD = "gnu++20";
				CLANG_ENABLE_MODULES = YES;
				CLANG_ENABLE_OBJC_ARC = YES;
				CLANG_ENABLE_OBJC_WEAK = YES;
				CLANG_WARN_BLOCK_CAPTURE_AUTORELEASING = YES;
				CLANG_WARN_BOOL_CONVERSION = YES;
				CLANG_WARN_COMMA = YES;
				CLANG_WARN_CONSTANT_CONVERSION = YES;
				CLANG_WARN_DEPRECATED_OBJC_IMPLEMENTATIONS = YES;
				CLANG_WARN_DIRECT_OBJC_ISA_USAGE = YES_ERROR;
				CLANG_WARN_DOCUMENTATION_COMMENTS = YES;
				CLANG_WARN_EMPTY_BODY = YES;
				CLANG_WARN_ENUM_CONVERSION = YES;
				CLANG_WARN_INFINITE_RECURSION = YES;
				CLANG_WARN_INT_CONVERSION = YES;
				CLANG_WARN_NON_LITERAL_NULL_CONVERSION = YES;
				CLANG_WARN_OBJC_IMPLICIT_RETAIN_SELF = YES;
				CLANG_WARN_OBJC_LITERAL_CONVERSION = YES;
				CLANG_WARN_OBJC_ROOT_CLASS = YES_ERROR;
				CLANG_WARN_QUOTED_INCLUDE_IN_FRAMEWORK_HEADER = YES;
				CLANG_WARN_RANGE_LOOP_ANALYSIS = YES;
				CLANG_WARN_STRICT_PROTOTYPES = YES;
				CLANG_WARN_SUSPICIOUS_MOVE = YES;
				CLANG_WARN_UNGUARDED_AVAILABILITY = YES_AGGRESSIVE;
				CLANG_WARN_UNREACHABLE_CODE = YES;
				CLANG_WARN__DUPLICATE_METHOD_MATCH = YES;
				COPY_PHASE_STRIP = NO;
				DEBUG_INFORMATION_FORMAT = "dwarf-with-dsym";
				ENABLE_NS_ASSERTIONS = NO;
				ENABLE_STRICT_OBJC_MSGSEND = YES;
				GCC_C_LANGUAGE_STANDARD = gnu11;
				GCC_NO_COMMON_BLOCKS = YES;
				GCC_WARN_64_TO_32_BIT_CONVERSION = YES;
				GCC_WARN_ABOUT_RETURN_TYPE = YES_ERROR;
				GCC_WARN_UNDECLARED_SELECTOR = YES;
				GCC_WARN_UNINITIALIZED_AUTOS = YES_AGGRESSIVE;
				GCC_WARN_UNUSED_FUNCTION = YES;
				GCC_WARN_UNUSED_VARIABLE = YES;
				IPHONEOS_DEPLOYMENT_TARGET = 16.2;
				MTL_ENABLE_DEBUG_INFO = NO;
				MTL_FAST_MATH = YES;
				SDKROOT = iphoneos;
				SWIFT_COMPILATION_MODE = wholemodule;
				SWIFT_OPTIMIZATION_LEVEL = "-O";
				VALIDATE_PRODUCT = YES;
			};
			name = Release;
		};
		BA9979FC2963B42D00AF04B8 /* Debug */ = {
			isa = XCBuildConfiguration;
			buildSettings = {
				ASSETCATALOG_COMPILER_APPICON_NAME = AppIcon;
				ASSETCATALOG_COMPILER_GLOBAL_ACCENT_COLOR_NAME = AccentColor;
				CODE_SIGN_STYLE = Automatic;
				CURRENT_PROJECT_VERSION = 1;
				DEVELOPMENT_ASSET_PATHS = "\"DrawSimulator/Preview Content\"";
				DEVELOPMENT_TEAM = CCGBD25A58;
				ENABLE_PREVIEWS = YES;
				GENERATE_INFOPLIST_FILE = YES;
				INFOPLIST_FILE = DrawSimulator/Info.plist;
				INFOPLIST_KEY_UIApplicationSceneManifest_Generation = YES;
				INFOPLIST_KEY_UIApplicationSupportsIndirectInputEvents = YES;
				INFOPLIST_KEY_UILaunchScreen_Generation = YES;
				INFOPLIST_KEY_UISupportedInterfaceOrientations_iPad = "UIInterfaceOrientationPortrait UIInterfaceOrientationPortraitUpsideDown UIInterfaceOrientationLandscapeLeft UIInterfaceOrientationLandscapeRight";
				INFOPLIST_KEY_UISupportedInterfaceOrientations_iPhone = UIInterfaceOrientationPortrait;
				LD_RUNPATH_SEARCH_PATHS = (
					"$(inherited)",
					"@executable_path/Frameworks",
				);
				MARKETING_VERSION = 1.0;
				PRODUCT_BUNDLE_IDENTIFIER = wallace.alfred.DrawSimulator;
				PRODUCT_NAME = "$(TARGET_NAME)";
				SWIFT_EMIT_LOC_STRINGS = YES;
				SWIFT_VERSION = 5.0;
				TARGETED_DEVICE_FAMILY = "1,2";
			};
			name = Debug;
		};
		BA9979FD2963B42D00AF04B8 /* Release */ = {
			isa = XCBuildConfiguration;
			buildSettings = {
				ASSETCATALOG_COMPILER_APPICON_NAME = AppIcon;
				ASSETCATALOG_COMPILER_GLOBAL_ACCENT_COLOR_NAME = AccentColor;
				CODE_SIGN_STYLE = Automatic;
				CURRENT_PROJECT_VERSION = 1;
				DEVELOPMENT_ASSET_PATHS = "\"DrawSimulator/Preview Content\"";
				DEVELOPMENT_TEAM = CCGBD25A58;
				ENABLE_PREVIEWS = YES;
				GENERATE_INFOPLIST_FILE = YES;
				INFOPLIST_FILE = DrawSimulator/Info.plist;
				INFOPLIST_KEY_UIApplicationSceneManifest_Generation = YES;
				INFOPLIST_KEY_UIApplicationSupportsIndirectInputEvents = YES;
				INFOPLIST_KEY_UILaunchScreen_Generation = YES;
				INFOPLIST_KEY_UISupportedInterfaceOrientations_iPad = "UIInterfaceOrientationPortrait UIInterfaceOrientationPortraitUpsideDown UIInterfaceOrientationLandscapeLeft UIInterfaceOrientationLandscapeRight";
				INFOPLIST_KEY_UISupportedInterfaceOrientations_iPhone = UIInterfaceOrientationPortrait;
				LD_RUNPATH_SEARCH_PATHS = (
					"$(inherited)",
					"@executable_path/Frameworks",
				);
				MARKETING_VERSION = 1.0;
				PRODUCT_BUNDLE_IDENTIFIER = wallace.alfred.DrawSimulator;
				PRODUCT_NAME = "$(TARGET_NAME)";
				SWIFT_EMIT_LOC_STRINGS = YES;
				SWIFT_VERSION = 5.0;
				TARGETED_DEVICE_FAMILY = "1,2";
			};
			name = Release;
		};
/* End XCBuildConfiguration section */

/* Begin XCConfigurationList section */
		BA9979E82963B42C00AF04B8 /* Build configuration list for PBXProject "DrawSimulator" */ = {
			isa = XCConfigurationList;
			buildConfigurations = (
				BA9979F92963B42D00AF04B8 /* Debug */,
				BA9979FA2963B42D00AF04B8 /* Release */,
			);
			defaultConfigurationIsVisible = 0;
			defaultConfigurationName = Release;
		};
		BA9979FB2963B42D00AF04B8 /* Build configuration list for PBXNativeTarget "DrawSimulator" */ = {
			isa = XCConfigurationList;
			buildConfigurations = (
				BA9979FC2963B42D00AF04B8 /* Debug */,
				BA9979FD2963B42D00AF04B8 /* Release */,
			);
			defaultConfigurationIsVisible = 0;
			defaultConfigurationName = Release;
		};
/* End XCConfigurationList section */

/* Begin XCVersionGroup section */
		BAD386E729F3B91800369C7D /* DrawSimulator.xcdatamodeld */ = {
			isa = XCVersionGroup;
			children = (
				BAD386E829F3B91800369C7D /* DrawSimulator.xcdatamodel */,
			);
			currentVersion = BAD386E829F3B91800369C7D /* DrawSimulator.xcdatamodel */;
			path = DrawSimulator.xcdatamodeld;
			sourceTree = "<group>";
			versionGroupType = wrapper.xcdatamodel;
		};
/* End XCVersionGroup section */
	};
	rootObject = BA9979E52963B42C00AF04B8 /* Project object */;
}
